{
  "version": 2,
  "dependencies": {
    "net10.0": {
      "Microsoft.Azure.Kusto.Language": {
        "type": "Direct",
        "requested": "[9.2.0, )",
        "resolved": "9.2.0",
        "contentHash": "DwO0Zo97N5J0P2Pom7KWj7LAEtstkX9PEmcdQgyLSvgxFAmn/SPyRTkxxpmMGgOfge7uLKcTqlA1TwC4rHWjcg=="
      }
    }
  }
}